<?xml version="1.0" encoding="utf-8"?>
<Project ToolsVersion="4.0" xmlns="http://schemas.microsoft.com/developer/msbuild/2003">
  <ItemGroup>
    <ClCompile Include="game.cpp">
      <Filter>Source Files</Filter>
    </ClCompile>
    <ClCompile Include="Animation.cpp">
      <Filter>Source Files</Filter>
    </ClCompile>
    <ClCompile Include="Helper.cpp">
      <Filter>Source Files</Filter>
    </ClCompile>
    <ClCompile Include="Assets.cpp">
      <Filter>Source Files</Filter>
    </ClCompile>
    <ClCompile Include="Entity.cpp">
      <Filter>Source Files\Entities</Filter>
    </ClCompile>
    <ClCompile Include="surface.cpp">
      <Filter>Source Files\Template</Filter>
    </ClCompile>
    <ClCompile Include="template.cpp">
      <Filter>Source Files\Template</Filter>
    </ClCompile>
    <ClCompile Include="SceneManager.cpp">
      <Filter>Source Files\Scenes</Filter>
    </ClCompile>
    <ClCompile Include="Scene.cpp">
      <Filter>Source Files\Scenes</Filter>
    </ClCompile>
    <ClCompile Include="GameScene.cpp">
      <Filter>Source Files\Scenes</Filter>
    </ClCompile>
    <ClCompile Include="MenuScene.cpp">
      <Filter>Source Files\Scenes</Filter>
    </ClCompile>
    <ClCompile Include="MenuItem.cpp">
      <Filter>Source Files\Entities\Menu</Filter>
    </ClCompile>
    <ClCompile Include="Input.cpp">
      <Filter>Source Files\Input</Filter>
    </ClCompile>
    <ClCompile Include="InputState.cpp">
      <Filter>Source Files\Input</Filter>
    </ClCompile>
    <ClCompile Include="EditorScene.cpp">
      <Filter>Source Files\Scenes</Filter>
    </ClCompile>
    <ClCompile Include="Level.cpp" />
    <ClCompile Include="Tile.cpp" />
    <ClCompile Include="Room.cpp" />
    <ClCompile Include="LevelSelectionScene.cpp">
      <Filter>Source Files\Scenes</Filter>
    </ClCompile>
    <ClCompile Include="EntityItem.cpp">
      <Filter>Source Files\Entities\Editor</Filter>
    </ClCompile>
    <ClCompile Include="Player.cpp">
      <Filter>Source Files\Entities</Filter>
    </ClCompile>
    <ClCompile Include="PlayerStartTrigger.cpp">
      <Filter>Source Files\Entities</Filter>
    </ClCompile>
    <ClCompile Include="Oktorok.cpp">
      <Filter>Source Files\Entities</Filter>
    </ClCompile>
    <ClCompile Include="Tektite.cpp">
      <Filter>Source Files\Entities</Filter>
    </ClCompile>
    <ClCompile Include="Projectile.cpp">
      <Filter>Source Files\Entities</Filter>
    </ClCompile>
    <ClCompile Include="Bomb.cpp">
      <Filter>Source Files\Entities</Filter>
    </ClCompile>
    <ClCompile Include="Moblin.cpp">
      <Filter>Source Files\Entities</Filter>
    </ClCompile>
    <ClCompile Include="Zola.cpp">
      <Filter>Source Files\Entities</Filter>
    </ClCompile>
    <ClCompile Include="Sword.cpp">
      <Filter>Source Files\Entities</Filter>
    </ClCompile>
    <ClCompile Include="Rupee.cpp">
      <Filter>Source Files\Entities</Filter>
    </ClCompile>
    <ClCompile Include="Arrow.cpp">
      <Filter>Source Files\Entities</Filter>
    </ClCompile>
    <ClCompile Include="LevelTrigger.cpp">
      <Filter>Source Files\Entities</Filter>
    </ClCompile>
    <ClCompile Include="PositionTrigger.cpp">
      <Filter>Source Files\Entities</Filter>
    </ClCompile>
    <ClCompile Include="PickupItem.cpp" />
    <ClCompile Include="Boss.cpp" />
    <ClCompile Include="Fire.cpp" />
  </ItemGroup>
  <ItemGroup>
    <ClInclude Include="Animation.h">
      <Filter>Source Files</Filter>
    </ClInclude>
    <ClInclude Include="Assets.h">
      <Filter>Source Files</Filter>
    </ClInclude>
    <ClInclude Include="game.h">
      <Filter>Source Files</Filter>
    </ClInclude>
    <ClInclude Include="Helper.h">
      <Filter>Source Files</Filter>
    </ClInclude>
    <ClInclude Include="Entity.h">
      <Filter>Source Files\Entities</Filter>
    </ClInclude>
    <ClInclude Include="template.h">
      <Filter>Source Files\Template</Filter>
    </ClInclude>
    <ClInclude Include="surface.h">
      <Filter>Source Files\Template</Filter>
    </ClInclude>
    <ClInclude Include="SceneManager.h">
      <Filter>Source Files\Scenes</Filter>
    </ClInclude>
    <ClInclude Include="Scene.h">
      <Filter>Source Files\Scenes</Filter>
    </ClInclude>
    <ClInclude Include="GameScene.h">
      <Filter>Source Files\Scenes</Filter>
    </ClInclude>
    <ClInclude Include="MenuScene.h">
      <Filter>Source Files\Scenes</Filter>
    </ClInclude>
    <ClInclude Include="MenuItem.h">
      <Filter>Source Files\Entities\Menu</Filter>
    </ClInclude>
    <ClInclude Include="InputState.h">
      <Filter>Source Files\Input</Filter>
    </ClInclude>
    <ClInclude Include="Input.h">
      <Filter>Source Files\Input</Filter>
    </ClInclude>
    <ClInclude Include="EditorScene.h">
      <Filter>Source Files\Scenes</Filter>
    </ClInclude>
    <ClInclude Include="Level.h" />
    <ClInclude Include="Tile.h" />
    <ClInclude Include="Room.h" />
    <ClInclude Include="LevelSelectionScene.h">
      <Filter>Source Files\Scenes</Filter>
    </ClInclude>
    <ClInclude Include="EntityItem.h">
      <Filter>Source Files\Entities\Editor</Filter>
    </ClInclude>
    <ClInclude Include="Player.h">
      <Filter>Source Files\Entities</Filter>
    </ClInclude>
    <ClInclude Include="PlayerStartTrigger.h">
      <Filter>Source Files\Entities</Filter>
    </ClInclude>
    <ClInclude Include="Oktorok.h">
      <Filter>Source Files\Entities</Filter>
    </ClInclude>
    <ClInclude Include="Tektite.h">
      <Filter>Source Files\Entities</Filter>
    </ClInclude>
    <ClInclude Include="Projectile.h">
      <Filter>Source Files\Entities</Filter>
    </ClInclude>
    <ClInclude Include="Bomb.h">
      <Filter>Source Files\Entities</Filter>
    </ClInclude>
    <ClInclude Include="Moblin.h">
      <Filter>Source Files\Entities</Filter>
    </ClInclude>
    <ClInclude Include="Zola.h">
      <Filter>Source Files\Entities</Filter>
    </ClInclude>
    <ClInclude Include="Sword.h">
      <Filter>Source Files\Entities</Filter>
    </ClInclude>
    <ClInclude Include="Rupee.h">
      <Filter>Source Files\Entities</Filter>
    </ClInclude>
    <ClInclude Include="Arrow.h">
      <Filter>Source Files\Entities</Filter>
    </ClInclude>
    <ClInclude Include="PositionTrigger.h">
      <Filter>Source Files\Entities</Filter>
    </ClInclude>
    <ClInclude Include="LevelTrigger.h">
      <Filter>Source Files\Entities</Filter>
    </ClInclude>
    <ClInclude Include="PickupItem.h" />
    <ClInclude Include="Boss.h" />
    <ClInclude Include="Fire.h" />
  </ItemGroup>
  <ItemGroup>
    <Filter Include="Source Files">
      <UniqueIdentifier>{5510dadc-b59d-4cbd-9a06-b892b4ab255a}</UniqueIdentifier>
    </Filter>
    <Filter Include="Source Files\Entities">
      <UniqueIdentifier>{09565b8a-9ec3-4295-9def-8289b812ec0d}</UniqueIdentifier>
    </Filter>
    <Filter Include="Source Files\Template">
      <UniqueIdentifier>{2049b46b-77ec-489d-847f-703bc9eb006a}</UniqueIdentifier>
    </Filter>
    <Filter Include="Source Files\Scenes">
      <UniqueIdentifier>{ac8675fd-6556-48a4-9c22-90debe05b57f}</UniqueIdentifier>
    </Filter>
    <Filter Include="Source Files\Entities\Menu">
      <UniqueIdentifier>{cefe26ca-0300-4d18-b60d-8be3cbf924bc}</UniqueIdentifier>
    </Filter>
    <Filter Include="Source Files\Input">
      <UniqueIdentifier>{9bd1d58b-1afe-426d-baae-e36739c305a3}</UniqueIdentifier>
    </Filter>
    <Filter Include="Source Files\Entities\Editor">
      <UniqueIdentifier>{10e76732-32fe-4af6-b7f0-425164058ead}</UniqueIdentifier>
    </Filter>
  </ItemGroup>
</Project>